// !$*UTF8*$!
{
	archiveVersion = 1;
	classes = {
	};
	objectVersion = 50;
	objects = {

/* Begin PBXBuildFile section */
		7943A9BD2326CCF900D25247 /* AppDelegate.swift in Sources */ = {isa = PBXBuildFile; fileRef = 7943A9BC2326CCF900D25247 /* AppDelegate.swift */; };
		7943A9BF2326CCF900D25247 /* ViewController.swift in Sources */ = {isa = PBXBuildFile; fileRef = 7943A9BE2326CCF900D25247 /* ViewController.swift */; };
		7943A9C42326CCFB00D25247 /* Assets.xcassets in Resources */ = {isa = PBXBuildFile; fileRef = 7943A9C32326CCFB00D25247 /* Assets.xcassets */; };
		7943A9C72326CCFB00D25247 /* LaunchScreen.storyboard in Resources */ = {isa = PBXBuildFile; fileRef = 7943A9C52326CCFB00D25247 /* LaunchScreen.storyboard */; };
		7943A9D22326CCFB00D25247 /* ProvideyTests.swift in Sources */ = {isa = PBXBuildFile; fileRef = 7943A9D12326CCFB00D25247 /* ProvideyTests.swift */; };
		79BBED282327DEB2002F632C /* Providey.swift in Sources */ = {isa = PBXBuildFile; fileRef = 79BBED272327DEB2002F632C /* Providey.swift */; };
/* End PBXBuildFile section */

/* Begin PBXContainerItemProxy section */
		7943A9CE2326CCFB00D25247 /* PBXContainerItemProxy */ = {
			isa = PBXContainerItemProxy;
			containerPortal = 7943A9B12326CCF900D25247 /* Project object */;
			proxyType = 1;
			remoteGlobalIDString = 7943A9B82326CCF900D25247;
			remoteInfo = Providey;
		};
/* End PBXContainerItemProxy section */

/* Begin PBXFileReference section */
		7943A9B92326CCF900D25247 /* Providey.app */ = {isa = PBXFileReference; explicitFileType = wrapper.application; includeInIndex = 0; path = Providey.app; sourceTree = BUILT_PRODUCTS_DIR; };
		7943A9BC2326CCF900D25247 /* AppDelegate.swift */ = {isa = PBXFileReference; lastKnownFileType = sourcecode.swift; path = AppDelegate.swift; sourceTree = "<group>"; };
		7943A9BE2326CCF900D25247 /* ViewController.swift */ = {isa = PBXFileReference; lastKnownFileType = sourcecode.swift; path = ViewController.swift; sourceTree = "<group>"; };
		7943A9C32326CCFB00D25247 /* Assets.xcassets */ = {isa = PBXFileReference; lastKnownFileType = folder.assetcatalog; path = Assets.xcassets; sourceTree = "<group>"; };
		7943A9C62326CCFB00D25247 /* Base */ = {isa = PBXFileReference; lastKnownFileType = file.storyboard; name = Base; path = Base.lproj/LaunchScreen.storyboard; sourceTree = "<group>"; };
		7943A9C82326CCFB00D25247 /* Info.plist */ = {isa = PBXFileReference; lastKnownFileType = text.plist.xml; path = Info.plist; sourceTree = "<group>"; };
		7943A9CD2326CCFB00D25247 /* ProvideyTests.xctest */ = {isa = PBXFileReference; explicitFileType = wrapper.cfbundle; includeInIndex = 0; path = ProvideyTests.xctest; sourceTree = BUILT_PRODUCTS_DIR; };
		7943A9D12326CCFB00D25247 /* ProvideyTests.swift */ = {isa = PBXFileReference; lastKnownFileType = sourcecode.swift; path = ProvideyTests.swift; sourceTree = "<group>"; };
		7943A9D32326CCFB00D25247 /* Info.plist */ = {isa = PBXFileReference; lastKnownFileType = text.plist.xml; path = Info.plist; sourceTree = "<group>"; };
		79BBED272327DEB2002F632C /* Providey.swift */ = {isa = PBXFileReference; lastKnownFileType = sourcecode.swift; path = Providey.swift; sourceTree = "<group>"; };
/* End PBXFileReference section */

/* Begin PBXFrameworksBuildPhase section */
		7943A9B62326CCF900D25247 /* Frameworks */ = {
			isa = PBXFrameworksBuildPhase;
			buildActionMask = 2147483647;
			files = (
			);
			runOnlyForDeploymentPostprocessing = 0;
		};
		7943A9CA2326CCFB00D25247 /* Frameworks */ = {
			isa = PBXFrameworksBuildPhase;
			buildActionMask = 2147483647;
			files = (
			);
			runOnlyForDeploymentPostprocessing = 0;
		};
/* End PBXFrameworksBuildPhase section */

/* Begin PBXGroup section */
		7943A9B02326CCF900D25247 = {
			isa = PBXGroup;
			children = (
				7943A9BB2326CCF900D25247 /* Providey */,
				7943A9D02326CCFB00D25247 /* ProvideyTests */,
				7943A9BA2326CCF900D25247 /* Products */,
			);
			sourceTree = "<group>";
		};
		7943A9BA2326CCF900D25247 /* Products */ = {
			isa = PBXGroup;
			children = (
				7943A9B92326CCF900D25247 /* Providey.app */,
				7943A9CD2326CCFB00D25247 /* ProvideyTests.xctest */,
			);
			name = Products;
			sourceTree = "<group>";
		};
		7943A9BB2326CCF900D25247 /* Providey */ = {
			isa = PBXGroup;
			children = (
				7943A9BC2326CCF900D25247 /* AppDelegate.swift */,
				7943A9BE2326CCF900D25247 /* ViewController.swift */,
				7943A9C32326CCFB00D25247 /* Assets.xcassets */,
				7943A9C52326CCFB00D25247 /* LaunchScreen.storyboard */,
				7943A9C82326CCFB00D25247 /* Info.plist */,
				79BBED272327DEB2002F632C /* Providey.swift */,
			);
			path = Providey;
			sourceTree = "<group>";
		};
		7943A9D02326CCFB00D25247 /* ProvideyTests */ = {
			isa = PBXGroup;
			children = (
				7943A9D12326CCFB00D25247 /* ProvideyTests.swift */,
				7943A9D32326CCFB00D25247 /* Info.plist */,
			);
			path = ProvideyTests;
			sourceTree = "<group>";
		};
/* End PBXGroup section */

/* Begin PBXNativeTarget section */
		7943A9B82326CCF900D25247 /* Providey */ = {
			isa = PBXNativeTarget;
			buildConfigurationList = 7943A9D62326CCFB00D25247 /* Build configuration list for PBXNativeTarget "Providey" */;
			buildPhases = (
				7943A9B52326CCF900D25247 /* Sources */,
				7943A9B62326CCF900D25247 /* Frameworks */,
				7943A9B72326CCF900D25247 /* Resources */,
			);
			buildRules = (
			);
			dependencies = (
			);
			name = Providey;
			productName = Providey;
			productReference = 7943A9B92326CCF900D25247 /* Providey.app */;
			productType = "com.apple.product-type.application";
		};
		7943A9CC2326CCFB00D25247 /* ProvideyTests */ = {
			isa = PBXNativeTarget;
			buildConfigurationList = 7943A9D92326CCFB00D25247 /* Build configuration list for PBXNativeTarget "ProvideyTests" */;
			buildPhases = (
				7943A9C92326CCFB00D25247 /* Sources */,
				7943A9CA2326CCFB00D25247 /* Frameworks */,
				7943A9CB2326CCFB00D25247 /* Resources */,
			);
			buildRules = (
			);
			dependencies = (
				7943A9CF2326CCFB00D25247 /* PBXTargetDependency */,
			);
			name = ProvideyTests;
			productName = ProvideyTests;
			productReference = 7943A9CD2326CCFB00D25247 /* ProvideyTests.xctest */;
			productType = "com.apple.product-type.bundle.unit-test";
		};
/* End PBXNativeTarget section */

/* Begin PBXProject section */
		7943A9B12326CCF900D25247 /* Project object */ = {
			isa = PBXProject;
			attributes = {
				LastSwiftUpdateCheck = 1030;
				LastUpgradeCheck = 1030;
				ORGANIZATIONNAME = "Vinicius Mangueira";
				TargetAttributes = {
					7943A9B82326CCF900D25247 = {
						CreatedOnToolsVersion = 10.3;
					};
					7943A9CC2326CCFB00D25247 = {
						CreatedOnToolsVersion = 10.3;
						TestTargetID = 7943A9B82326CCF900D25247;
					};
				};
			};
			buildConfigurationList = 7943A9B42326CCF900D25247 /* Build configuration list for PBXProject "Providey" */;
			compatibilityVersion = "Xcode 9.3";
			developmentRegion = en;
			hasScannedForEncodings = 0;
			knownRegions = (
				en,
				Base,
			);
			mainGroup = 7943A9B02326CCF900D25247;
			productRefGroup = 7943A9BA2326CCF900D25247 /* Products */;
			projectDirPath = "";
			projectRoot = "";
			targets = (
				7943A9B82326CCF900D25247 /* Providey */,
				7943A9CC2326CCFB00D25247 /* ProvideyTests */,
			);
		};
/* End PBXProject section */

/* Begin PBXResourcesBuildPhase section */
		7943A9B72326CCF900D25247 /* Resources */ = {
			isa = PBXResourcesBuildPhase;
			buildActionMask = 2147483647;
			files = (
				7943A9C72326CCFB00D25247 /* LaunchScreen.storyboard in Resources */,
				7943A9C42326CCFB00D25247 /* Assets.xcassets in Resources */,
			);
			runOnlyForDeploymentPostprocessing = 0;
		};
		7943A9CB2326CCFB00D25247 /* Resources */ = {
			isa = PBXResourcesBuildPhase;
			buildActionMask = 2147483647;
			files = (
			);
			runOnlyForDeploymentPostprocessing = 0;
		};
/* End PBXResourcesBuildPhase section */

/* Begin PBXSourcesBuildPhase section */
		7943A9B52326CCF900D25247 /* Sources */ = {
			isa = PBXSourcesBuildPhase;
			buildActionMask = 2147483647;
			files = (
				7943A9BF2326CCF900D25247 /* ViewController.swift in Sources */,
				79BBED282327DEB2002F632C /* Providey.swift in Sources */,
				7943A9BD2326CCF900D25247 /* AppDelegate.swift in Sources */,
			);
			runOnlyForDeploymentPostprocessing = 0;
		};
		7943A9C92326CCFB00D25247 /* Sources */ = {
			isa = PBXSourcesBuildPhase;
			buildActionMask = 2147483647;
			files = (
				7943A9D22326CCFB00D25247 /* ProvideyTests.swift in Sources */,
			);
			runOnlyForDeploymentPostprocessing = 0;
		};
/* End PBXSourcesBuildPhase section */

/* Begin PBXTargetDependency section */
		7943A9CF2326CCFB00D25247 /* PBXTargetDependency */ = {
			isa = PBXTargetDependency;
			target = 7943A9B82326CCF900D25247 /* Providey */;
			targetProxy = 7943A9CE2326CCFB00D25247 /* PBXContainerItemProxy */;
		};
/* End PBXTargetDependency section */

/* Begin PBXVariantGroup section */
		7943A9C52326CCFB00D25247 /* LaunchScreen.storyboard */ = {
			isa = PBXVariantGroup;
			children = (
				7943A9C62326CCFB00D25247 /* Base */,
			);
			name = LaunchScreen.storyboard;
			sourceTree = "<group>";
		};
/* End PBXVariantGroup section */

/* Begin XCBuildConfiguration section */
		7943A9D42326CCFB00D25247 /* Debug */ = {
			isa = XCBuildConfiguration;
			buildSettings = {
				ALWAYS_SEARCH_USER_PATHS = NO;
				CLANG_ANALYZER_NONNULL = YES;
				CLANG_ANALYZER_NUMBER_OBJECT_CONVERSION = YES_AGGRESSIVE;
				CLANG_CXX_LANGUAGE_STANDARD = "gnu++14";
				CLANG_CXX_LIBRARY = "libc++";
				CLANG_ENABLE_MODULES = YES;
				CLANG_ENABLE_OBJC_ARC = YES;
				CLANG_ENABLE_OBJC_WEAK = YES;
				CLANG_WARN_BLOCK_CAPTURE_AUTORELEASING = YES;
				CLANG_WARN_BOOL_CONVERSION = YES;
				CLANG_WARN_COMMA = YES;
				CLANG_WARN_CONSTANT_CONVERSION = YES;
				CLANG_WARN_DEPRECATED_OBJC_IMPLEMENTATIONS = YES;
				CLANG_WARN_DIRECT_OBJC_ISA_USAGE = YES_ERROR;
				CLANG_WARN_DOCUMENTATION_COMMENTS = YES;
				CLANG_WARN_EMPTY_BODY = YES;
				CLANG_WARN_ENUM_CONVERSION = YES;
				CLANG_WARN_INFINITE_RECURSION = YES;
				CLANG_WARN_INT_CONVERSION = YES;
				CLANG_WARN_NON_LITERAL_NULL_CONVERSION = YES;
				CLANG_WARN_OBJC_IMPLICIT_RETAIN_SELF = YES;
				CLANG_WARN_OBJC_LITERAL_CONVERSION = YES;
				CLANG_WARN_OBJC_ROOT_CLASS = YES_ERROR;
				CLANG_WARN_RANGE_LOOP_ANALYSIS = YES;
				CLANG_WARN_STRICT_PROTOTYPES = YES;
				CLANG_WARN_SUSPICIOUS_MOVE = YES;
				CLANG_WARN_UNGUARDED_AVAILABILITY = YES_AGGRESSIVE;
				CLANG_WARN_UNREACHABLE_CODE = YES;
				CLANG_WARN__DUPLICATE_METHOD_MATCH = YES;
				CODE_SIGN_IDENTITY = "iPhone Developer";
				COPY_PHASE_STRIP = NO;
				DEBUG_INFORMATION_FORMAT = dwarf;
				ENABLE_STRICT_OBJC_MSGSEND = YES;
				ENABLE_TESTABILITY = YES;
				GCC_C_LANGUAGE_STANDARD = gnu11;
				GCC_DYNAMIC_NO_PIC = NO;
				GCC_NO_COMMON_BLOCKS = YES;
				GCC_OPTIMIZATION_LEVEL = 0;
				GCC_PREPROCESSOR_DEFINITIONS = (
					"DEBUG=1",
					"$(inherited)",
				);
				GCC_WARN_64_TO_32_BIT_CONVERSION = YES;
				GCC_WARN_ABOUT_RETURN_TYPE = YES_ERROR;
				GCC_WARN_UNDECLARED_SELECTOR = YES;
				GCC_WARN_UNINITIALIZED_AUTOS = YES_AGGRESSIVE;
				GCC_WARN_UNUSED_FUNCTION = YES;
				GCC_WARN_UNUSED_VARIABLE = YES;
				IPHONEOS_DEPLOYMENT_TARGET = 12.4;
				MTL_ENABLE_DEBUG_INFO = INCLUDE_SOURCE;
				MTL_FAST_MATH = YES;
				ONLY_ACTIVE_ARCH = YES;
				SDKROOT = iphoneos;
				SWIFT_ACTIVE_COMPILATION_CONDITIONS = DEBUG;
				SWIFT_OPTIMIZATION_LEVEL = "-Onone";
			};
			name = Debug;
		};
		7943A9D52326CCFB00D25247 /* Release */ = {
			isa = XCBuildConfiguration;
			buildSettings = {
				ALWAYS_SEARCH_USER_PATHS = NO;
				CLANG_ANALYZER_NONNULL = YES;
				CLANG_ANALYZER_NUMBER_OBJECT_CONVERSION = YES_AGGRESSIVE;
				CLANG_CXX_LANGUAGE_STANDARD = "gnu++14";
				CLANG_CXX_LIBRARY = "libc++";
				CLANG_ENABLE_MODULES = YES;
				CLANG_ENABLE_OBJC_ARC = YES;
				CLANG_ENABLE_OBJC_WEAK = YES;
				CLANG_WARN_BLOCK_CAPTURE_AUTORELEASING = YES;
				CLANG_WARN_BOOL_CONVERSION = YES;
				CLANG_WARN_COMMA = YES;
				CLANG_WARN_CONSTANT_CONVERSION = YES;
				CLANG_WARN_DEPRECATED_OBJC_IMPLEMENTATIONS = YES;
				CLANG_WARN_DIRECT_OBJC_ISA_USAGE = YES_ERROR;
				CLANG_WARN_DOCUMENTATION_COMMENTS = YES;
				CLANG_WARN_EMPTY_BODY = YES;
				CLANG_WARN_ENUM_CONVERSION = YES;
				CLANG_WARN_INFINITE_RECURSION = YES;
				CLANG_WARN_INT_CONVERSION = YES;
				CLANG_WARN_NON_LITERAL_NULL_CONVERSION = YES;
				CLANG_WARN_OBJC_IMPLICIT_RETAIN_SELF = YES;
				CLANG_WARN_OBJC_LITERAL_CONVERSION = YES;
				CLANG_WARN_OBJC_ROOT_CLASS = YES_ERROR;
				CLANG_WARN_RANGE_LOOP_ANALYSIS = YES;
				CLANG_WARN_STRICT_PROTOTYPES = YES;
				CLANG_WARN_SUSPICIOUS_MOVE = YES;
				CLANG_WARN_UNGUARDED_AVAILABILITY = YES_AGGRESSIVE;
				CLANG_WARN_UNREACHABLE_CODE = YES;
				CLANG_WARN__DUPLICATE_METHOD_MATCH = YES;
				CODE_SIGN_IDENTITY = "iPhone Developer";
				COPY_PHASE_STRIP = NO;
				DEBUG_INFORMATION_FORMAT = "dwarf-with-dsym";
				ENABLE_NS_ASSERTIONS = NO;
				ENABLE_STRICT_OBJC_MSGSEND = YES;
				GCC_C_LANGUAGE_STANDARD = gnu11;
				GCC_NO_COMMON_BLOCKS = YES;
				GCC_WARN_64_TO_32_BIT_CONVERSION = YES;
				GCC_WARN_ABOUT_RETURN_TYPE = YES_ERROR;
				GCC_WARN_UNDECLARED_SELECTOR = YES;
				GCC_WARN_UNINITIALIZED_AUTOS = YES_AGGRESSIVE;
				GCC_WARN_UNUSED_FUNCTION = YES;
				GCC_WARN_UNUSED_VARIABLE = YES;
				IPHONEOS_DEPLOYMENT_TARGET = 12.4;
				MTL_ENABLE_DEBUG_INFO = NO;
				MTL_FAST_MATH = YES;
				SDKROOT = iphoneos;
				SWIFT_COMPILATION_MODE = wholemodule;
				SWIFT_OPTIMIZATION_LEVEL = "-O";
				VALIDATE_PRODUCT = YES;
			};
			name = Release;
		};
		7943A9D72326CCFB00D25247 /* Debug */ = {
			isa = XCBuildConfiguration;
			buildSettings = {
				ASSETCATALOG_COMPILER_APPICON_NAME = AppIcon;
				CODE_SIGN_STYLE = Automatic;
				DEVELOPMENT_TEAM = C2BTWK9QR9;
				INFOPLIST_FILE = Providey/Info.plist;
				LD_RUNPATH_SEARCH_PATHS = (
					"$(inherited)",
					"@executable_path/Frameworks",
				);
				PRODUCT_BUNDLE_IDENTIFIER = com.academy.Providey;
				PRODUCT_NAME = "$(TARGET_NAME)";
				SWIFT_VERSION = 5.0;
				TARGETED_DEVICE_FAMILY = "1,2";
			};
			name = Debug;
		};
		7943A9D82326CCFB00D25247 /* Release */ = {
			isa = XCBuildConfiguration;
			buildSettings = {
				ASSETCATALOG_COMPILER_APPICON_NAME = AppIcon;
				CODE_SIGN_STYLE = Automatic;
				DEVELOPMENT_TEAM = C2BTWK9QR9;
				INFOPLIST_FILE = Providey/Info.plist;
				LD_RUNPATH_SEARCH_PATHS = (
					"$(inherited)",
					"@executable_path/Frameworks",
				);
				PRODUCT_BUNDLE_IDENTIFIER = com.academy.Providey;
				PRODUCT_NAME = "$(TARGET_NAME)";
				SWIFT_VERSION = 5.0;
				TARGETED_DEVICE_FAMILY = "1,2";
			};
			name = Release;
		};
		7943A9DA2326CCFB00D25247 /* Debug */ = {
			isa = XCBuildConfiguration;
			buildSettings = {
				ALWAYS_EMBED_SWIFT_STANDARD_LIBRARIES = YES;
				BUNDLE_LOADER = "$(TEST_HOST)";
				CODE_SIGN_STYLE = Automatic;
				DEVELOPMENT_TEAM = F6FYGZ29HL;
				INFOPLIST_FILE = ProvideyTests/Info.plist;
				LD_RUNPATH_SEARCH_PATHS = (
					"$(inherited)",
					"@executable_path/Frameworks",
					"@loader_path/Frameworks",
				);
				PRODUCT_BUNDLE_IDENTIFIER = com.academy.ProvideyTests;
				PRODUCT_NAME = "$(TARGET_NAME)";
				SWIFT_VERSION = 5.0;
				TARGETED_DEVICE_FAMILY = "1,2";
				TEST_HOST = "$(BUILT_PRODUCTS_DIR)/Providey.app/Providey";
			};
			name = Debug;
		};
		7943A9DB2326CCFB00D25247 /* Release */ = {
			isa = XCBuildConfiguration;
			buildSettings = {
				ALWAYS_EMBED_SWIFT_STANDARD_LIBRARIES = YES;
				BUNDLE_LOADER = "$(TEST_HOST)";
				CODE_SIGN_STYLE = Automatic;
				DEVELOPMENT_TEAM = F6FYGZ29HL;
				INFOPLIST_FILE = ProvideyTests/Info.plist;
				LD_RUNPATH_SEARCH_PATHS = (
					"$(inherited)",
					"@executable_path/Frameworks",
					"@loader_path/Frameworks",
				);
				PRODUCT_BUNDLE_IDENTIFIER = com.academy.ProvideyTests;
				PRODUCT_NAME = "$(TARGET_NAME)";
				SWIFT_VERSION = 5.0;
				TARGETED_DEVICE_FAMILY = "1,2";
				TEST_HOST = "$(BUILT_PRODUCTS_DIR)/Providey.app/Providey";
			};
			name = Release;
		};
/* End XCBuildConfiguration section */

/* Begin XCConfigurationList section */
		7943A9B42326CCF900D25247 /* Build configuration list for PBXProject "Providey" */ = {
			isa = XCConfigurationList;
			buildConfigurations = (
				7943A9D42326CCFB00D25247 /* Debug */,
				7943A9D52326CCFB00D25247 /* Release */,
			);
			defaultConfigurationIsVisible = 0;
			defaultConfigurationName = Release;
		};
		7943A9D62326CCFB00D25247 /* Build configuration list for PBXNativeTarget "Providey" */ = {
			isa = XCConfigurationList;
			buildConfigurations = (
				7943A9D72326CCFB00D25247 /* Debug */,
				7943A9D82326CCFB00D25247 /* Release */,
			);
			defaultConfigurationIsVisible = 0;
			defaultConfigurationName = Release;
		};
		7943A9D92326CCFB00D25247 /* Build configuration list for PBXNativeTarget "ProvideyTests" */ = {
			isa = XCConfigurationList;
			buildConfigurations = (
				7943A9DA2326CCFB00D25247 /* Debug */,
				7943A9DB2326CCFB00D25247 /* Release */,
			);
			defaultConfigurationIsVisible = 0;
			defaultConfigurationName = Release;
		};
/* End XCConfigurationList section */
	};
	rootObject = 7943A9B12326CCF900D25247 /* Project object */;
}
